
Microsoft Visual Studio Solution File, Format Version 12.00
# Visual Studio 14
VisualStudioVersion = 14.0.25420.1
MinimumVisualStudioVersion = 10.0.40219.1
Project("{FAE04EC0-301F-11D3-BF4B-00C04F79EFBC}") = "ClassLibrary", "Triangle\ClassLibrary.csproj", "{835764FC-3B6D-45DE-A6FA-299FF431D8D6}"
EndProject
Project("{FAE04EC0-301F-11D3-BF4B-00C04F79EFBC}") = "UnitTestProject2", "UnitTestProject2\UnitTestProject2.csproj", "{EB9CD545-6FDD-422D-A5BA-8CB61EADCEF5}"
EndProject
Global
	GlobalSection(SolutionConfigurationPlatforms) = preSolution
		Debug|Any CPU = Debug|Any CPU
		Release|Any CPU = Release|Any CPU
	EndGlobalSection
	GlobalSection(ProjectConfigurationPlatforms) = postSolution
		{835764FC-3B6D-45DE-A6FA-299FF431D8D6}.Debug|Any CPU.ActiveCfg = Debug|Any CPU
		{835764FC-3B6D-45DE-A6FA-299FF431D8D6}.Debug|Any CPU.Build.0 = Debug|Any CPU
		{835764FC-3B6D-45DE-A6FA-299FF431D8D6}.Release|Any CPU.ActiveCfg = Release|Any CPU
		{835764FC-3B6D-45DE-A6FA-299FF431D8D6}.Release|Any CPU.Build.0 = Release|Any CPU
		{EB9CD545-6FDD-422D-A5BA-8CB61EADCEF5}.Debug|Any CPU.ActiveCfg = Debug|Any CPU
		{EB9CD545-6FDD-422D-A5BA-8CB61EADCEF5}.Debug|Any CPU.Build.0 = Debug|Any CPU
		{EB9CD545-6FDD-422D-A5BA-8CB61EADCEF5}.Release|Any CPU.ActiveCfg = Release|Any CPU
		{EB9CD545-6FDD-422D-A5BA-8CB61EADCEF5}.Release|Any CPU.Build.0 = Release|Any CPU
	EndGlobalSection
	GlobalSection(SolutionProperties) = preSolution
		HideSolutionNode = FALSE
	EndGlobalSection
EndGlobal
